PODS:
  - allshared (1.0)
  - SQLite.swift (0.13.3):
    - SQLite.swift/standard (= 0.13.3)
  - SQLite.swift/standard (0.13.3)

DEPENDENCIES:
  - allshared (from `/Users/julia/Developer/Brownfield-SDK/allshared`)
  - SQLite.swift (~> 0.13)

SPEC REPOS:
  https://github.com/CocoaPods/Specs.git:
    - SQLite.swift

EXTERNAL SOURCES:
  allshared:
    :path: "/Users/julia/Developer/Brownfield-SDK/allshared"

SPEC CHECKSUMS:
  allshared: f77a9fde5a3953d95d83b65c24e1852b2d5d0158
  SQLite.swift: 903bfa3bc9ab06345fdfbb578e34f47cfcf417da

PODFILE CHECKSUM: 035b41c24d3db397f0a9ec5f3ac245c4560d9406

COCOAPODS: 1.11.3
