PODS:
  - allshared (1.0)

DEPENDENCIES:
  - allshared (from `/Users/julia/Developer/Brownfield-SDK/allshared`)

EXTERNAL SOURCES:
  allshared:
    :path: "/Users/julia/Developer/Brownfield-SDK/allshared"

SPEC CHECKSUMS:
  allshared: da42527b5f662829d1ee9d55293aafdbd9a0b103

PODFILE CHECKSUM: 0e598afbaec55c193216ec439d0b0b6880bcc30b

COCOAPODS: 1.11.3
