// !$*UTF8*$!
{
	archiveVersion = 1;
	classes = {
	};
	objectVersion = 56;
	objects = {

/* Begin PBXBuildFile section */
		174BCA85CCEBCCC313F82741 /* Pods_KMMBridgeKickStartIos.framework in Frameworks */ = {isa = PBXBuildFile; fileRef = C3F09800207F1FA0C8B45CDA /* Pods_KMMBridgeKickStartIos.framework */; };
		A350994529017A1F00822D29 /* BreedViewModel.swift in Sources */ = {isa = PBXBuildFile; fileRef = A350993D29017A1E00822D29 /* BreedViewModel.swift */; };
		A350994629017A1F00822D29 /* KMMBridgeKickStartIosApp.swift in Sources */ = {isa = PBXBuildFile; fileRef = A350993E29017A1E00822D29 /* KMMBridgeKickStartIosApp.swift */; };
		A350994729017A1F00822D29 /* Collector.swift in Sources */ = {isa = PBXBuildFile; fileRef = A350993F29017A1E00822D29 /* Collector.swift */; };
		A350994829017A1F00822D29 /* Assets.xcassets in Resources */ = {isa = PBXBuildFile; fileRef = A350994029017A1E00822D29 /* Assets.xcassets */; };
		A350994929017A1F00822D29 /* BreedListScreen.swift in Sources */ = {isa = PBXBuildFile; fileRef = A350994129017A1E00822D29 /* BreedListScreen.swift */; };
		A350994A29017A1F00822D29 /* Preview Assets.xcassets in Resources */ = {isa = PBXBuildFile; fileRef = A350994429017A1F00822D29 /* Preview Assets.xcassets */; };
		A350995329017B3C00822D29 /* KMMBridgeKickStartIosTests.swift in Sources */ = {isa = PBXBuildFile; fileRef = A350994C29017A3000822D29 /* KMMBridgeKickStartIosTests.swift */; };
		A350995429017B4100822D29 /* KMMBridgeKickStartUITestsLaunchTests.swift in Sources */ = {isa = PBXBuildFile; fileRef = A350994E29017A3000822D29 /* KMMBridgeKickStartUITestsLaunchTests.swift */; };
		A350995529017B4500822D29 /* KMMBridgeKickStartUITests.swift in Sources */ = {isa = PBXBuildFile; fileRef = A350994F29017A3000822D29 /* KMMBridgeKickStartUITests.swift */; };
/* End PBXBuildFile section */

/* Begin PBXContainerItemProxy section */
		A361325628E70DD900711398 /* PBXContainerItemProxy */ = {
			isa = PBXContainerItemProxy;
			containerPortal = A361323C28E70DD800711398 /* Project object */;
			proxyType = 1;
			remoteGlobalIDString = A361324328E70DD800711398;
			remoteInfo = Brownfield;
		};
		A361326028E70DD900711398 /* PBXContainerItemProxy */ = {
			isa = PBXContainerItemProxy;
			containerPortal = A361323C28E70DD800711398 /* Project object */;
			proxyType = 1;
			remoteGlobalIDString = A361324328E70DD800711398;
			remoteInfo = Brownfield;
		};
/* End PBXContainerItemProxy section */

/* Begin PBXFileReference section */
		9616F57AB3AF5EAA1F67D59D /* Pods-KMMBridgeKickStartIos.release.xcconfig */ = {isa = PBXFileReference; includeInIndex = 1; lastKnownFileType = text.xcconfig; name = "Pods-KMMBridgeKickStartIos.release.xcconfig"; path = "Target Support Files/Pods-KMMBridgeKickStartIos/Pods-KMMBridgeKickStartIos.release.xcconfig"; sourceTree = "<group>"; };
		A350993D29017A1E00822D29 /* BreedViewModel.swift */ = {isa = PBXFileReference; fileEncoding = 4; lastKnownFileType = sourcecode.swift; path = BreedViewModel.swift; sourceTree = "<group>"; };
		A350993E29017A1E00822D29 /* KMMBridgeKickStartIosApp.swift */ = {isa = PBXFileReference; fileEncoding = 4; lastKnownFileType = sourcecode.swift; path = KMMBridgeKickStartIosApp.swift; sourceTree = "<group>"; };
		A350993F29017A1E00822D29 /* Collector.swift */ = {isa = PBXFileReference; fileEncoding = 4; lastKnownFileType = sourcecode.swift; path = Collector.swift; sourceTree = "<group>"; };
		A350994029017A1E00822D29 /* Assets.xcassets */ = {isa = PBXFileReference; lastKnownFileType = folder.assetcatalog; path = Assets.xcassets; sourceTree = "<group>"; };
		A350994129017A1E00822D29 /* BreedListScreen.swift */ = {isa = PBXFileReference; fileEncoding = 4; lastKnownFileType = sourcecode.swift; path = BreedListScreen.swift; sourceTree = "<group>"; };
		A350994229017A1E00822D29 /* KMMBridgeKickStartIos.entitlements */ = {isa = PBXFileReference; fileEncoding = 4; lastKnownFileType = text.plist.entitlements; path = KMMBridgeKickStartIos.entitlements; sourceTree = "<group>"; };
		A350994429017A1F00822D29 /* Preview Assets.xcassets */ = {isa = PBXFileReference; lastKnownFileType = folder.assetcatalog; path = "Preview Assets.xcassets"; sourceTree = "<group>"; };
		A350994C29017A3000822D29 /* KMMBridgeKickStartIosTests.swift */ = {isa = PBXFileReference; fileEncoding = 4; lastKnownFileType = sourcecode.swift; path = KMMBridgeKickStartIosTests.swift; sourceTree = "<group>"; };
		A350994E29017A3000822D29 /* KMMBridgeKickStartUITestsLaunchTests.swift */ = {isa = PBXFileReference; fileEncoding = 4; lastKnownFileType = sourcecode.swift; path = KMMBridgeKickStartUITestsLaunchTests.swift; sourceTree = "<group>"; };
		A350994F29017A3000822D29 /* KMMBridgeKickStartUITests.swift */ = {isa = PBXFileReference; fileEncoding = 4; lastKnownFileType = sourcecode.swift; path = KMMBridgeKickStartUITests.swift; sourceTree = "<group>"; };
		A361324428E70DD800711398 /* KMMBridgeKickStartIos.app */ = {isa = PBXFileReference; explicitFileType = wrapper.application; includeInIndex = 0; path = KMMBridgeKickStartIos.app; sourceTree = BUILT_PRODUCTS_DIR; };
		A361325528E70DD900711398 /* KMMBridgeKickStartIosTests.xctest */ = {isa = PBXFileReference; explicitFileType = wrapper.cfbundle; includeInIndex = 0; path = KMMBridgeKickStartIosTests.xctest; sourceTree = BUILT_PRODUCTS_DIR; };
		A361325F28E70DD900711398 /* KMMBridgeKickStartIosUITests.xctest */ = {isa = PBXFileReference; explicitFileType = wrapper.cfbundle; includeInIndex = 0; path = KMMBridgeKickStartIosUITests.xctest; sourceTree = BUILT_PRODUCTS_DIR; };
		C3F09800207F1FA0C8B45CDA /* Pods_KMMBridgeKickStartIos.framework */ = {isa = PBXFileReference; explicitFileType = wrapper.framework; includeInIndex = 0; path = Pods_KMMBridgeKickStartIos.framework; sourceTree = BUILT_PRODUCTS_DIR; };
		DA0A4DE9FCE667ABB335AAF0 /* Pods-KMMBridgeKickStartIos.debug.xcconfig */ = {isa = PBXFileReference; includeInIndex = 1; lastKnownFileType = text.xcconfig; name = "Pods-KMMBridgeKickStartIos.debug.xcconfig"; path = "Target Support Files/Pods-KMMBridgeKickStartIos/Pods-KMMBridgeKickStartIos.debug.xcconfig"; sourceTree = "<group>"; };
/* End PBXFileReference section */

/* Begin PBXFrameworksBuildPhase section */
		A361324128E70DD800711398 /* Frameworks */ = {
			isa = PBXFrameworksBuildPhase;
			buildActionMask = 2147483647;
			files = (
				174BCA85CCEBCCC313F82741 /* Pods_KMMBridgeKickStartIos.framework in Frameworks */,
			);
			runOnlyForDeploymentPostprocessing = 0;
		};
		A361325228E70DD900711398 /* Frameworks */ = {
			isa = PBXFrameworksBuildPhase;
			buildActionMask = 2147483647;
			files = (
			);
			runOnlyForDeploymentPostprocessing = 0;
		};
		A361325C28E70DD900711398 /* Frameworks */ = {
			isa = PBXFrameworksBuildPhase;
			buildActionMask = 2147483647;
			files = (
			);
			runOnlyForDeploymentPostprocessing = 0;
		};
/* End PBXFrameworksBuildPhase section */

/* Begin PBXGroup section */
		3803646BB8B236914997DDE6 /* Pods */ = {
			isa = PBXGroup;
			children = (
				9616F57AB3AF5EAA1F67D59D /* Pods-KMMBridgeKickStartIos.release.xcconfig */,
				DA0A4DE9FCE667ABB335AAF0 /* Pods-KMMBridgeKickStartIos.debug.xcconfig */,
			);
			path = Pods;
			sourceTree = "<group>";
		};
		A350993C29017A1E00822D29 /* KMMBridgeKickStartIos */ = {
			isa = PBXGroup;
			children = (
				A350993D29017A1E00822D29 /* BreedViewModel.swift */,
				A350993E29017A1E00822D29 /* KMMBridgeKickStartIosApp.swift */,
				A350993F29017A1E00822D29 /* Collector.swift */,
				A350994029017A1E00822D29 /* Assets.xcassets */,
				A350994129017A1E00822D29 /* BreedListScreen.swift */,
				A350994229017A1E00822D29 /* KMMBridgeKickStartIos.entitlements */,
				A350994329017A1F00822D29 /* Preview Content */,
			);
			path = KMMBridgeKickStartIos;
			sourceTree = "<group>";
		};
		A350994329017A1F00822D29 /* Preview Content */ = {
			isa = PBXGroup;
			children = (
				A350994429017A1F00822D29 /* Preview Assets.xcassets */,
			);
			path = "Preview Content";
			sourceTree = "<group>";
		};
		A350994B29017A3000822D29 /* KMMBridgeKickStartIosTests */ = {
			isa = PBXGroup;
			children = (
				A350994C29017A3000822D29 /* KMMBridgeKickStartIosTests.swift */,
			);
			path = KMMBridgeKickStartIosTests;
			sourceTree = "<group>";
		};
		A350994D29017A3000822D29 /* KMMBridgeKickStartIosUITests */ = {
			isa = PBXGroup;
			children = (
				A350994E29017A3000822D29 /* KMMBridgeKickStartUITestsLaunchTests.swift */,
				A350994F29017A3000822D29 /* KMMBridgeKickStartUITests.swift */,
			);
			path = KMMBridgeKickStartIosUITests;
			sourceTree = "<group>";
		};
		A361323B28E70DD800711398 = {
			isa = PBXGroup;
			children = (
				A350993C29017A1E00822D29 /* KMMBridgeKickStartIos */,
				A350994B29017A3000822D29 /* KMMBridgeKickStartIosTests */,
				A350994D29017A3000822D29 /* KMMBridgeKickStartIosUITests */,
				A361324528E70DD800711398 /* Products */,
				3803646BB8B236914997DDE6 /* Pods */,
				FE0ECE44BB0C282232C3B902 /* Frameworks */,
			);
			sourceTree = "<group>";
		};
		A361324528E70DD800711398 /* Products */ = {
			isa = PBXGroup;
			children = (
				A361324428E70DD800711398 /* KMMBridgeKickStartIos.app */,
				A361325528E70DD900711398 /* KMMBridgeKickStartIosTests.xctest */,
				A361325F28E70DD900711398 /* KMMBridgeKickStartIosUITests.xctest */,
			);
			name = Products;
			sourceTree = "<group>";
		};
		FE0ECE44BB0C282232C3B902 /* Frameworks */ = {
			isa = PBXGroup;
			children = (
				C3F09800207F1FA0C8B45CDA /* Pods_KMMBridgeKickStartIos.framework */,
			);
			name = Frameworks;
			sourceTree = "<group>";
		};
/* End PBXGroup section */

/* Begin PBXNativeTarget section */
		A361324328E70DD800711398 /* KMMBridgeKickStartIos */ = {
			isa = PBXNativeTarget;
			buildConfigurationList = A361326928E70DD900711398 /* Build configuration list for PBXNativeTarget "KMMBridgeKickStartIos" */;
			buildPhases = (
				0417E62B24EECE577FAB2975 /* [CP] Check Pods Manifest.lock */,
				A361324028E70DD800711398 /* Sources */,
				A361324128E70DD800711398 /* Frameworks */,
				A361324228E70DD800711398 /* Resources */,
			);
			buildRules = (
			);
			dependencies = (
			);
			name = KMMBridgeKickStartIos;
			productName = Brownfield;
			productReference = A361324428E70DD800711398 /* KMMBridgeKickStartIos.app */;
			productType = "com.apple.product-type.application";
		};
		A361325428E70DD900711398 /* KMMBridgeKickStartIosTests */ = {
			isa = PBXNativeTarget;
			buildConfigurationList = A361326C28E70DD900711398 /* Build configuration list for PBXNativeTarget "KMMBridgeKickStartIosTests" */;
			buildPhases = (
				A361325128E70DD900711398 /* Sources */,
				A361325228E70DD900711398 /* Frameworks */,
				A361325328E70DD900711398 /* Resources */,
			);
			buildRules = (
			);
			dependencies = (
				A361325728E70DD900711398 /* PBXTargetDependency */,
			);
			name = KMMBridgeKickStartIosTests;
			productName = BrownfieldTests;
			productReference = A361325528E70DD900711398 /* KMMBridgeKickStartIosTests.xctest */;
			productType = "com.apple.product-type.bundle.unit-test";
		};
		A361325E28E70DD900711398 /* KMMBridgeKickStartIosUITests */ = {
			isa = PBXNativeTarget;
			buildConfigurationList = A361326F28E70DD900711398 /* Build configuration list for PBXNativeTarget "KMMBridgeKickStartIosUITests" */;
			buildPhases = (
				A361325B28E70DD900711398 /* Sources */,
				A361325C28E70DD900711398 /* Frameworks */,
				A361325D28E70DD900711398 /* Resources */,
			);
			buildRules = (
			);
			dependencies = (
				A361326128E70DD900711398 /* PBXTargetDependency */,
			);
			name = KMMBridgeKickStartIosUITests;
			productName = BrownfieldUITests;
			productReference = A361325F28E70DD900711398 /* KMMBridgeKickStartIosUITests.xctest */;
			productType = "com.apple.product-type.bundle.ui-testing";
		};
/* End PBXNativeTarget section */

/* Begin PBXProject section */
		A361323C28E70DD800711398 /* Project object */ = {
			isa = PBXProject;
			attributes = {
				BuildIndependentTargetsInParallel = 1;
				LastSwiftUpdateCheck = 1400;
				LastUpgradeCheck = 1400;
				TargetAttributes = {
					A361324328E70DD800711398 = {
						CreatedOnToolsVersion = 14.0.1;
					};
					A361325428E70DD900711398 = {
						CreatedOnToolsVersion = 14.0.1;
						TestTargetID = A361324328E70DD800711398;
					};
					A361325E28E70DD900711398 = {
						CreatedOnToolsVersion = 14.0.1;
						TestTargetID = A361324328E70DD800711398;
					};
				};
			};
			buildConfigurationList = A361323F28E70DD800711398 /* Build configuration list for PBXProject "KMMBridgeKickStartIos" */;
			compatibilityVersion = "Xcode 14.0";
			developmentRegion = en;
			hasScannedForEncodings = 0;
			knownRegions = (
				en,
				Base,
			);
			mainGroup = A361323B28E70DD800711398;
			productRefGroup = A361324528E70DD800711398 /* Products */;
			projectDirPath = "";
			projectRoot = "";
			targets = (
				A361324328E70DD800711398 /* KMMBridgeKickStartIos */,
				A361325428E70DD900711398 /* KMMBridgeKickStartIosTests */,
				A361325E28E70DD900711398 /* KMMBridgeKickStartIosUITests */,
			);
		};
/* End PBXProject section */

/* Begin PBXResourcesBuildPhase section */
		A361324228E70DD800711398 /* Resources */ = {
			isa = PBXResourcesBuildPhase;
			buildActionMask = 2147483647;
			files = (
				A350994A29017A1F00822D29 /* Preview Assets.xcassets in Resources */,
				A350994829017A1F00822D29 /* Assets.xcassets in Resources */,
			);
			runOnlyForDeploymentPostprocessing = 0;
		};
		A361325328E70DD900711398 /* Resources */ = {
			isa = PBXResourcesBuildPhase;
			buildActionMask = 2147483647;
			files = (
			);
			runOnlyForDeploymentPostprocessing = 0;
		};
		A361325D28E70DD900711398 /* Resources */ = {
			isa = PBXResourcesBuildPhase;
			buildActionMask = 2147483647;
			files = (
			);
			runOnlyForDeploymentPostprocessing = 0;
		};
/* End PBXResourcesBuildPhase section */

/* Begin PBXShellScriptBuildPhase section */
		0417E62B24EECE577FAB2975 /* [CP] Check Pods Manifest.lock */ = {
			isa = PBXShellScriptBuildPhase;
			buildActionMask = 2147483647;
			files = (
			);
			inputFileListPaths = (
			);
			inputPaths = (
				"${PODS_PODFILE_DIR_PATH}/Podfile.lock",
				"${PODS_ROOT}/Manifest.lock",
			);
			name = "[CP] Check Pods Manifest.lock";
			outputFileListPaths = (
			);
			outputPaths = (
				"$(DERIVED_FILE_DIR)/Pods-KMMBridgeKickStartIos-checkManifestLockResult.txt",
			);
			runOnlyForDeploymentPostprocessing = 0;
			shellPath = /bin/sh;
			shellScript = "diff \"${PODS_PODFILE_DIR_PATH}/Podfile.lock\" \"${PODS_ROOT}/Manifest.lock\" > /dev/null\nif [ $? != 0 ] ; then\n    # print error to STDERR\n    echo \"error: The sandbox is not in sync with the Podfile.lock. Run 'pod install' or update your CocoaPods installation.\" >&2\n    exit 1\nfi\n# This output is used by Xcode 'outputs' to avoid re-running this script phase.\necho \"SUCCESS\" > \"${SCRIPT_OUTPUT_FILE_0}\"\n";
			showEnvVarsInLog = 0;
		};
/* End PBXShellScriptBuildPhase section */

/* Begin PBXSourcesBuildPhase section */
		A361324028E70DD800711398 /* Sources */ = {
			isa = PBXSourcesBuildPhase;
			buildActionMask = 2147483647;
			files = (
				A350994529017A1F00822D29 /* BreedViewModel.swift in Sources */,
				A350994629017A1F00822D29 /* KMMBridgeKickStartIosApp.swift in Sources */,
				A350994929017A1F00822D29 /* BreedListScreen.swift in Sources */,
				A350994729017A1F00822D29 /* Collector.swift in Sources */,
			);
			runOnlyForDeploymentPostprocessing = 0;
		};
		A361325128E70DD900711398 /* Sources */ = {
			isa = PBXSourcesBuildPhase;
			buildActionMask = 2147483647;
			files = (
				A350995329017B3C00822D29 /* KMMBridgeKickStartIosTests.swift in Sources */,
			);
			runOnlyForDeploymentPostprocessing = 0;
		};
		A361325B28E70DD900711398 /* Sources */ = {
			isa = PBXSourcesBuildPhase;
			buildActionMask = 2147483647;
			files = (
				A350995429017B4100822D29 /* KMMBridgeKickStartUITestsLaunchTests.swift in Sources */,
				A350995529017B4500822D29 /* KMMBridgeKickStartUITests.swift in Sources */,
			);
			runOnlyForDeploymentPostprocessing = 0;
		};
/* End PBXSourcesBuildPhase section */

/* Begin PBXTargetDependency section */
		A361325728E70DD900711398 /* PBXTargetDependency */ = {
			isa = PBXTargetDependency;
			target = A361324328E70DD800711398 /* KMMBridgeKickStartIos */;
			targetProxy = A361325628E70DD900711398 /* PBXContainerItemProxy */;
		};
		A361326128E70DD900711398 /* PBXTargetDependency */ = {
			isa = PBXTargetDependency;
			target = A361324328E70DD800711398 /* KMMBridgeKickStartIos */;
			targetProxy = A361326028E70DD900711398 /* PBXContainerItemProxy */;
		};
/* End PBXTargetDependency section */

/* Begin XCBuildConfiguration section */
		A361326728E70DD900711398 /* Debug */ = {
			isa = XCBuildConfiguration;
			buildSettings = {
				ALWAYS_SEARCH_USER_PATHS = NO;
				CLANG_ANALYZER_NONNULL = YES;
				CLANG_ANALYZER_NUMBER_OBJECT_CONVERSION = YES_AGGRESSIVE;
				CLANG_CXX_LANGUAGE_STANDARD = "gnu++20";
				CLANG_ENABLE_MODULES = YES;
				CLANG_ENABLE_OBJC_ARC = YES;
				CLANG_ENABLE_OBJC_WEAK = YES;
				CLANG_WARN_BLOCK_CAPTURE_AUTORELEASING = YES;
				CLANG_WARN_BOOL_CONVERSION = YES;
				CLANG_WARN_COMMA = YES;
				CLANG_WARN_CONSTANT_CONVERSION = YES;
				CLANG_WARN_DEPRECATED_OBJC_IMPLEMENTATIONS = YES;
				CLANG_WARN_DIRECT_OBJC_ISA_USAGE = YES_ERROR;
				CLANG_WARN_DOCUMENTATION_COMMENTS = YES;
				CLANG_WARN_EMPTY_BODY = YES;
				CLANG_WARN_ENUM_CONVERSION = YES;
				CLANG_WARN_INFINITE_RECURSION = YES;
				CLANG_WARN_INT_CONVERSION = YES;
				CLANG_WARN_NON_LITERAL_NULL_CONVERSION = YES;
				CLANG_WARN_OBJC_IMPLICIT_RETAIN_SELF = YES;
				CLANG_WARN_OBJC_LITERAL_CONVERSION = YES;
				CLANG_WARN_OBJC_ROOT_CLASS = YES_ERROR;
				CLANG_WARN_QUOTED_INCLUDE_IN_FRAMEWORK_HEADER = YES;
				CLANG_WARN_RANGE_LOOP_ANALYSIS = YES;
				CLANG_WARN_STRICT_PROTOTYPES = YES;
				CLANG_WARN_SUSPICIOUS_MOVE = YES;
				CLANG_WARN_UNGUARDED_AVAILABILITY = YES_AGGRESSIVE;
				CLANG_WARN_UNREACHABLE_CODE = YES;
				CLANG_WARN__DUPLICATE_METHOD_MATCH = YES;
				COPY_PHASE_STRIP = NO;
				DEBUG_INFORMATION_FORMAT = dwarf;
				ENABLE_STRICT_OBJC_MSGSEND = YES;
				ENABLE_TESTABILITY = YES;
				GCC_C_LANGUAGE_STANDARD = gnu11;
				GCC_DYNAMIC_NO_PIC = NO;
				GCC_NO_COMMON_BLOCKS = YES;
				GCC_OPTIMIZATION_LEVEL = 0;
				GCC_PREPROCESSOR_DEFINITIONS = (
					"DEBUG=1",
					"$(inherited)",
				);
				GCC_WARN_64_TO_32_BIT_CONVERSION = YES;
				GCC_WARN_ABOUT_RETURN_TYPE = YES_ERROR;
				GCC_WARN_UNDECLARED_SELECTOR = YES;
				GCC_WARN_UNINITIALIZED_AUTOS = YES_AGGRESSIVE;
				GCC_WARN_UNUSED_FUNCTION = YES;
				GCC_WARN_UNUSED_VARIABLE = YES;
				MTL_ENABLE_DEBUG_INFO = INCLUDE_SOURCE;
				MTL_FAST_MATH = YES;
				ONLY_ACTIVE_ARCH = YES;
				SWIFT_ACTIVE_COMPILATION_CONDITIONS = DEBUG;
				SWIFT_OPTIMIZATION_LEVEL = "-Onone";
			};
			name = Debug;
		};
		A361326828E70DD900711398 /* Release */ = {
			isa = XCBuildConfiguration;
			buildSettings = {
				ALWAYS_SEARCH_USER_PATHS = NO;
				CLANG_ANALYZER_NONNULL = YES;
				CLANG_ANALYZER_NUMBER_OBJECT_CONVERSION = YES_AGGRESSIVE;
				CLANG_CXX_LANGUAGE_STANDARD = "gnu++20";
				CLANG_ENABLE_MODULES = YES;
				CLANG_ENABLE_OBJC_ARC = YES;
				CLANG_ENABLE_OBJC_WEAK = YES;
				CLANG_WARN_BLOCK_CAPTURE_AUTORELEASING = YES;
				CLANG_WARN_BOOL_CONVERSION = YES;
				CLANG_WARN_COMMA = YES;
				CLANG_WARN_CONSTANT_CONVERSION = YES;
				CLANG_WARN_DEPRECATED_OBJC_IMPLEMENTATIONS = YES;
				CLANG_WARN_DIRECT_OBJC_ISA_USAGE = YES_ERROR;
				CLANG_WARN_DOCUMENTATION_COMMENTS = YES;
				CLANG_WARN_EMPTY_BODY = YES;
				CLANG_WARN_ENUM_CONVERSION = YES;
				CLANG_WARN_INFINITE_RECURSION = YES;
				CLANG_WARN_INT_CONVERSION = YES;
				CLANG_WARN_NON_LITERAL_NULL_CONVERSION = YES;
				CLANG_WARN_OBJC_IMPLICIT_RETAIN_SELF = YES;
				CLANG_WARN_OBJC_LITERAL_CONVERSION = YES;
				CLANG_WARN_OBJC_ROOT_CLASS = YES_ERROR;
				CLANG_WARN_QUOTED_INCLUDE_IN_FRAMEWORK_HEADER = YES;
				CLANG_WARN_RANGE_LOOP_ANALYSIS = YES;
				CLANG_WARN_STRICT_PROTOTYPES = YES;
				CLANG_WARN_SUSPICIOUS_MOVE = YES;
				CLANG_WARN_UNGUARDED_AVAILABILITY = YES_AGGRESSIVE;
				CLANG_WARN_UNREACHABLE_CODE = YES;
				CLANG_WARN__DUPLICATE_METHOD_MATCH = YES;
				COPY_PHASE_STRIP = NO;
				DEBUG_INFORMATION_FORMAT = "dwarf-with-dsym";
				ENABLE_NS_ASSERTIONS = NO;
				ENABLE_STRICT_OBJC_MSGSEND = YES;
				GCC_C_LANGUAGE_STANDARD = gnu11;
				GCC_NO_COMMON_BLOCKS = YES;
				GCC_WARN_64_TO_32_BIT_CONVERSION = YES;
				GCC_WARN_ABOUT_RETURN_TYPE = YES_ERROR;
				GCC_WARN_UNDECLARED_SELECTOR = YES;
				GCC_WARN_UNINITIALIZED_AUTOS = YES_AGGRESSIVE;
				GCC_WARN_UNUSED_FUNCTION = YES;
				GCC_WARN_UNUSED_VARIABLE = YES;
				MTL_ENABLE_DEBUG_INFO = NO;
				MTL_FAST_MATH = YES;
				SWIFT_COMPILATION_MODE = wholemodule;
				SWIFT_OPTIMIZATION_LEVEL = "-O";
			};
			name = Release;
		};
		A361326A28E70DD900711398 /* Debug */ = {
			isa = XCBuildConfiguration;
			baseConfigurationReference = DA0A4DE9FCE667ABB335AAF0 /* Pods-KMMBridgeKickStartIos.debug.xcconfig */;
			buildSettings = {
				ASSETCATALOG_COMPILER_APPICON_NAME = AppIcon;
				ASSETCATALOG_COMPILER_GLOBAL_ACCENT_COLOR_NAME = AccentColor;
				CODE_SIGN_ENTITLEMENTS = KMMBridgeKickStartIos/KMMBridgeKickStartIos.entitlements;
				CODE_SIGN_IDENTITY = "Apple Development";
				CODE_SIGN_STYLE = Automatic;
				CURRENT_PROJECT_VERSION = 1;
				DEVELOPMENT_ASSET_PATHS = "\"KMMBridgeKickStartIos/Preview Content\"";
				DEVELOPMENT_TEAM = "";
				ENABLE_PREVIEWS = YES;
				GENERATE_INFOPLIST_FILE = YES;
				"INFOPLIST_KEY_UIApplicationSceneManifest_Generation[sdk=iphoneos*]" = YES;
				"INFOPLIST_KEY_UIApplicationSceneManifest_Generation[sdk=iphonesimulator*]" = YES;
				"INFOPLIST_KEY_UIApplicationSupportsIndirectInputEvents[sdk=iphoneos*]" = YES;
				"INFOPLIST_KEY_UIApplicationSupportsIndirectInputEvents[sdk=iphonesimulator*]" = YES;
				"INFOPLIST_KEY_UILaunchScreen_Generation[sdk=iphoneos*]" = YES;
				"INFOPLIST_KEY_UILaunchScreen_Generation[sdk=iphonesimulator*]" = YES;
				"INFOPLIST_KEY_UIStatusBarStyle[sdk=iphoneos*]" = UIStatusBarStyleDefault;
				"INFOPLIST_KEY_UIStatusBarStyle[sdk=iphonesimulator*]" = UIStatusBarStyleDefault;
				INFOPLIST_KEY_UISupportedInterfaceOrientations_iPad = "UIInterfaceOrientationPortrait UIInterfaceOrientationPortraitUpsideDown UIInterfaceOrientationLandscapeLeft UIInterfaceOrientationLandscapeRight";
				INFOPLIST_KEY_UISupportedInterfaceOrientations_iPhone = "UIInterfaceOrientationPortrait UIInterfaceOrientationLandscapeLeft UIInterfaceOrientationLandscapeRight";
				IPHONEOS_DEPLOYMENT_TARGET = 16.0;
				LD_RUNPATH_SEARCH_PATHS = "@executable_path/Frameworks";
				"LD_RUNPATH_SEARCH_PATHS[sdk=macosx*]" = "@executable_path/../Frameworks";
				MACOSX_DEPLOYMENT_TARGET = 12.3;
				MARKETING_VERSION = 1.0;
				PRODUCT_BUNDLE_IDENTIFIER = co.touchlab.KMMBridgeKickStartIos;
				PRODUCT_NAME = "$(TARGET_NAME)";
				PROVISIONING_PROFILE_SPECIFIER = "";
				SDKROOT = auto;
				SUPPORTED_PLATFORMS = "iphoneos iphonesimulator macosx";
				SWIFT_EMIT_LOC_STRINGS = YES;
				SWIFT_VERSION = 5.0;
				TARGETED_DEVICE_FAMILY = "1,2";
			};
			name = Debug;
		};
		A361326B28E70DD900711398 /* Release */ = {
			isa = XCBuildConfiguration;
			baseConfigurationReference = 9616F57AB3AF5EAA1F67D59D /* Pods-KMMBridgeKickStartIos.release.xcconfig */;
			buildSettings = {
				ASSETCATALOG_COMPILER_APPICON_NAME = AppIcon;
				ASSETCATALOG_COMPILER_GLOBAL_ACCENT_COLOR_NAME = AccentColor;
				CODE_SIGN_ENTITLEMENTS = KMMBridgeKickStartIos/KMMBridgeKickStartIos.entitlements;
				CODE_SIGN_IDENTITY = "Apple Development";
				CODE_SIGN_STYLE = Automatic;
				CURRENT_PROJECT_VERSION = 1;
				DEVELOPMENT_ASSET_PATHS = "\"KMMBridgeKickStartIos/Preview Content\"";
				DEVELOPMENT_TEAM = "";
				ENABLE_PREVIEWS = YES;
				GENERATE_INFOPLIST_FILE = YES;
				"INFOPLIST_KEY_UIApplicationSceneManifest_Generation[sdk=iphoneos*]" = YES;
				"INFOPLIST_KEY_UIApplicationSceneManifest_Generation[sdk=iphonesimulator*]" = YES;
				"INFOPLIST_KEY_UIApplicationSupportsIndirectInputEvents[sdk=iphoneos*]" = YES;
				"INFOPLIST_KEY_UIApplicationSupportsIndirectInputEvents[sdk=iphonesimulator*]" = YES;
				"INFOPLIST_KEY_UILaunchScreen_Generation[sdk=iphoneos*]" = YES;
				"INFOPLIST_KEY_UILaunchScreen_Generation[sdk=iphonesimulator*]" = YES;
				"INFOPLIST_KEY_UIStatusBarStyle[sdk=iphoneos*]" = UIStatusBarStyleDefault;
				"INFOPLIST_KEY_UIStatusBarStyle[sdk=iphonesimulator*]" = UIStatusBarStyleDefault;
				INFOPLIST_KEY_UISupportedInterfaceOrientations_iPad = "UIInterfaceOrientationPortrait UIInterfaceOrientationPortraitUpsideDown UIInterfaceOrientationLandscapeLeft UIInterfaceOrientationLandscapeRight";
				INFOPLIST_KEY_UISupportedInterfaceOrientations_iPhone = "UIInterfaceOrientationPortrait UIInterfaceOrientationLandscapeLeft UIInterfaceOrientationLandscapeRight";
				IPHONEOS_DEPLOYMENT_TARGET = 16.0;
				LD_RUNPATH_SEARCH_PATHS = "@executable_path/Frameworks";
				"LD_RUNPATH_SEARCH_PATHS[sdk=macosx*]" = "@executable_path/../Frameworks";
				MACOSX_DEPLOYMENT_TARGET = 12.3;
				MARKETING_VERSION = 1.0;
				PRODUCT_BUNDLE_IDENTIFIER = co.touchlab.KMMBridgeKickStartIos;
				PRODUCT_NAME = "$(TARGET_NAME)";
				PROVISIONING_PROFILE_SPECIFIER = "";
				SDKROOT = auto;
				SUPPORTED_PLATFORMS = "iphoneos iphonesimulator macosx";
				SWIFT_EMIT_LOC_STRINGS = YES;
				SWIFT_VERSION = 5.0;
				TARGETED_DEVICE_FAMILY = "1,2";
			};
			name = Release;
		};
		A361326D28E70DD900711398 /* Debug */ = {
			isa = XCBuildConfiguration;
			buildSettings = {
				ALWAYS_EMBED_SWIFT_STANDARD_LIBRARIES = YES;
				BUNDLE_LOADER = "$(TEST_HOST)";
				CODE_SIGN_STYLE = Automatic;
				CURRENT_PROJECT_VERSION = 1;
				GENERATE_INFOPLIST_FILE = YES;
				IPHONEOS_DEPLOYMENT_TARGET = 16.0;
				MACOSX_DEPLOYMENT_TARGET = 12.3;
				MARKETING_VERSION = 1.0;
				PRODUCT_BUNDLE_IDENTIFIER = co.touchlab.KMMbridgeKickStartIosTests;
				PRODUCT_NAME = "$(TARGET_NAME)";
				SDKROOT = auto;
				SUPPORTED_PLATFORMS = "iphoneos iphonesimulator macosx";
				SWIFT_EMIT_LOC_STRINGS = NO;
				SWIFT_VERSION = 5.0;
				TARGETED_DEVICE_FAMILY = "1,2";
				TEST_HOST = "$(BUILT_PRODUCTS_DIR)/KMMBridgeKickStartIos.app/$(BUNDLE_EXECUTABLE_FOLDER_PATH)/KMMBridgeKickStartIos";
			};
			name = Debug;
		};
		A361326E28E70DD900711398 /* Release */ = {
			isa = XCBuildConfiguration;
			buildSettings = {
				ALWAYS_EMBED_SWIFT_STANDARD_LIBRARIES = YES;
				BUNDLE_LOADER = "$(TEST_HOST)";
				CODE_SIGN_STYLE = Automatic;
				CURRENT_PROJECT_VERSION = 1;
				GENERATE_INFOPLIST_FILE = YES;
				IPHONEOS_DEPLOYMENT_TARGET = 16.0;
				MACOSX_DEPLOYMENT_TARGET = 12.3;
				MARKETING_VERSION = 1.0;
				PRODUCT_BUNDLE_IDENTIFIER = co.touchlab.KMMbridgeKickStartIosTests;
				PRODUCT_NAME = "$(TARGET_NAME)";
				SDKROOT = auto;
				SUPPORTED_PLATFORMS = "iphoneos iphonesimulator macosx";
				SWIFT_EMIT_LOC_STRINGS = NO;
				SWIFT_VERSION = 5.0;
				TARGETED_DEVICE_FAMILY = "1,2";
				TEST_HOST = "$(BUILT_PRODUCTS_DIR)/KMMBridgeKickStartIos.app/$(BUNDLE_EXECUTABLE_FOLDER_PATH)/KMMBridgeKickStartIos";
			};
			name = Release;
		};
		A361327028E70DD900711398 /* Debug */ = {
			isa = XCBuildConfiguration;
			buildSettings = {
				ALWAYS_EMBED_SWIFT_STANDARD_LIBRARIES = YES;
				CODE_SIGN_STYLE = Automatic;
				CURRENT_PROJECT_VERSION = 1;
				GENERATE_INFOPLIST_FILE = YES;
				IPHONEOS_DEPLOYMENT_TARGET = 16.0;
				MACOSX_DEPLOYMENT_TARGET = 12.3;
				MARKETING_VERSION = 1.0;
				PRODUCT_BUNDLE_IDENTIFIER = co.touchlab.KMMBridgeKickStartIosUITests;
				PRODUCT_NAME = "$(TARGET_NAME)";
				SDKROOT = auto;
				SUPPORTED_PLATFORMS = "iphoneos iphonesimulator macosx";
				SWIFT_EMIT_LOC_STRINGS = NO;
				SWIFT_VERSION = 5.0;
				TARGETED_DEVICE_FAMILY = "1,2";
				TEST_TARGET_NAME = Brownfield;
			};
			name = Debug;
		};
		A361327128E70DD900711398 /* Release */ = {
			isa = XCBuildConfiguration;
			buildSettings = {
				ALWAYS_EMBED_SWIFT_STANDARD_LIBRARIES = YES;
				CODE_SIGN_STYLE = Automatic;
				CURRENT_PROJECT_VERSION = 1;
				GENERATE_INFOPLIST_FILE = YES;
				IPHONEOS_DEPLOYMENT_TARGET = 16.0;
				MACOSX_DEPLOYMENT_TARGET = 12.3;
				MARKETING_VERSION = 1.0;
				PRODUCT_BUNDLE_IDENTIFIER = co.touchlab.KMMBridgeKickStartIosUITests;
				PRODUCT_NAME = "$(TARGET_NAME)";
				SDKROOT = auto;
				SUPPORTED_PLATFORMS = "iphoneos iphonesimulator macosx";
				SWIFT_EMIT_LOC_STRINGS = NO;
				SWIFT_VERSION = 5.0;
				TARGETED_DEVICE_FAMILY = "1,2";
				TEST_TARGET_NAME = Brownfield;
			};
			name = Release;
		};
/* End XCBuildConfiguration section */

/* Begin XCConfigurationList section */
		A361323F28E70DD800711398 /* Build configuration list for PBXProject "KMMBridgeKickStartIos" */ = {
			isa = XCConfigurationList;
			buildConfigurations = (
				A361326728E70DD900711398 /* Debug */,
				A361326828E70DD900711398 /* Release */,
			);
			defaultConfigurationIsVisible = 0;
			defaultConfigurationName = Release;
		};
		A361326928E70DD900711398 /* Build configuration list for PBXNativeTarget "KMMBridgeKickStartIos" */ = {
			isa = XCConfigurationList;
			buildConfigurations = (
				A361326A28E70DD900711398 /* Debug */,
				A361326B28E70DD900711398 /* Release */,
			);
			defaultConfigurationIsVisible = 0;
			defaultConfigurationName = Release;
		};
		A361326C28E70DD900711398 /* Build configuration list for PBXNativeTarget "KMMBridgeKickStartIosTests" */ = {
			isa = XCConfigurationList;
			buildConfigurations = (
				A361326D28E70DD900711398 /* Debug */,
				A361326E28E70DD900711398 /* Release */,
			);
			defaultConfigurationIsVisible = 0;
			defaultConfigurationName = Release;
		};
		A361326F28E70DD900711398 /* Build configuration list for PBXNativeTarget "KMMBridgeKickStartIosUITests" */ = {
			isa = XCConfigurationList;
			buildConfigurations = (
				A361327028E70DD900711398 /* Debug */,
				A361327128E70DD900711398 /* Release */,
			);
			defaultConfigurationIsVisible = 0;
			defaultConfigurationName = Release;
		};
/* End XCConfigurationList section */
	};
	rootObject = A361323C28E70DD800711398 /* Project object */;
}
