// !$*UTF8*$!
{
	archiveVersion = 1;
	classes = {
	};
	objectVersion = 56;
	objects = {

/* Begin PBXBuildFile section */
		A34C871028EACFCB00AAEA71 /* BreedViewModel.swift in Sources */ = {isa = PBXBuildFile; fileRef = A34C870F28EACFCB00AAEA71 /* BreedViewModel.swift */; };
		A361324828E70DD800711398 /* BrownfieldApp.swift in Sources */ = {isa = PBXBuildFile; fileRef = A361324728E70DD800711398 /* BrownfieldApp.swift */; };
		A361324A28E70DD800711398 /* BreedListScreen.swift in Sources */ = {isa = PBXBuildFile; fileRef = A361324928E70DD800711398 /* BreedListScreen.swift */; };
		A361324C28E70DD900711398 /* Assets.xcassets in Resources */ = {isa = PBXBuildFile; fileRef = A361324B28E70DD900711398 /* Assets.xcassets */; };
		A361325028E70DD900711398 /* Preview Assets.xcassets in Resources */ = {isa = PBXBuildFile; fileRef = A361324F28E70DD900711398 /* Preview Assets.xcassets */; };
		A361325A28E70DD900711398 /* BrownfieldTests.swift in Sources */ = {isa = PBXBuildFile; fileRef = A361325928E70DD900711398 /* BrownfieldTests.swift */; };
		A361326428E70DD900711398 /* BrownfieldUITests.swift in Sources */ = {isa = PBXBuildFile; fileRef = A361326328E70DD900711398 /* BrownfieldUITests.swift */; };
		A361326628E70DD900711398 /* BrownfieldUITestsLaunchTests.swift in Sources */ = {isa = PBXBuildFile; fileRef = A361326528E70DD900711398 /* BrownfieldUITestsLaunchTests.swift */; };
		ED117D43FC90A62A9A445197 /* Pods_Brownfield.framework in Frameworks */ = {isa = PBXBuildFile; fileRef = 1A1D4C206999EBD73D9A736F /* Pods_Brownfield.framework */; };
/* End PBXBuildFile section */

/* Begin PBXContainerItemProxy section */
		A361325628E70DD900711398 /* PBXContainerItemProxy */ = {
			isa = PBXContainerItemProxy;
			containerPortal = A361323C28E70DD800711398 /* Project object */;
			proxyType = 1;
			remoteGlobalIDString = A361324328E70DD800711398;
			remoteInfo = Brownfield;
		};
		A361326028E70DD900711398 /* PBXContainerItemProxy */ = {
			isa = PBXContainerItemProxy;
			containerPortal = A361323C28E70DD800711398 /* Project object */;
			proxyType = 1;
			remoteGlobalIDString = A361324328E70DD800711398;
			remoteInfo = Brownfield;
		};
/* End PBXContainerItemProxy section */

/* Begin PBXFileReference section */
		1A1D4C206999EBD73D9A736F /* Pods_Brownfield.framework */ = {isa = PBXFileReference; explicitFileType = wrapper.framework; includeInIndex = 0; path = Pods_Brownfield.framework; sourceTree = BUILT_PRODUCTS_DIR; };
		8F4999F15EF1AD2746DFE08A /* Pods-Brownfield.debug.xcconfig */ = {isa = PBXFileReference; includeInIndex = 1; lastKnownFileType = text.xcconfig; name = "Pods-Brownfield.debug.xcconfig"; path = "Target Support Files/Pods-Brownfield/Pods-Brownfield.debug.xcconfig"; sourceTree = "<group>"; };
		9616F57AB3AF5EAA1F67D59D /* Pods-Brownfield.release.xcconfig */ = {isa = PBXFileReference; includeInIndex = 1; lastKnownFileType = text.xcconfig; name = "Pods-Brownfield.release.xcconfig"; path = "Target Support Files/Pods-Brownfield/Pods-Brownfield.release.xcconfig"; sourceTree = "<group>"; };
		A34C870F28EACFCB00AAEA71 /* BreedViewModel.swift */ = {isa = PBXFileReference; lastKnownFileType = sourcecode.swift; path = BreedViewModel.swift; sourceTree = "<group>"; };
		A361324428E70DD800711398 /* Brownfield.app */ = {isa = PBXFileReference; explicitFileType = wrapper.application; includeInIndex = 0; path = Brownfield.app; sourceTree = BUILT_PRODUCTS_DIR; };
		A361324728E70DD800711398 /* BrownfieldApp.swift */ = {isa = PBXFileReference; lastKnownFileType = sourcecode.swift; path = BrownfieldApp.swift; sourceTree = "<group>"; };
		A361324928E70DD800711398 /* BreedListScreen.swift */ = {isa = PBXFileReference; lastKnownFileType = sourcecode.swift; path = BreedListScreen.swift; sourceTree = "<group>"; };
		A361324B28E70DD900711398 /* Assets.xcassets */ = {isa = PBXFileReference; lastKnownFileType = folder.assetcatalog; path = Assets.xcassets; sourceTree = "<group>"; };
		A361324D28E70DD900711398 /* Brownfield.entitlements */ = {isa = PBXFileReference; lastKnownFileType = text.plist.entitlements; path = Brownfield.entitlements; sourceTree = "<group>"; };
		A361324F28E70DD900711398 /* Preview Assets.xcassets */ = {isa = PBXFileReference; lastKnownFileType = folder.assetcatalog; path = "Preview Assets.xcassets"; sourceTree = "<group>"; };
		A361325528E70DD900711398 /* BrownfieldTests.xctest */ = {isa = PBXFileReference; explicitFileType = wrapper.cfbundle; includeInIndex = 0; path = BrownfieldTests.xctest; sourceTree = BUILT_PRODUCTS_DIR; };
		A361325928E70DD900711398 /* BrownfieldTests.swift */ = {isa = PBXFileReference; lastKnownFileType = sourcecode.swift; path = BrownfieldTests.swift; sourceTree = "<group>"; };
		A361325F28E70DD900711398 /* BrownfieldUITests.xctest */ = {isa = PBXFileReference; explicitFileType = wrapper.cfbundle; includeInIndex = 0; path = BrownfieldUITests.xctest; sourceTree = BUILT_PRODUCTS_DIR; };
		A361326328E70DD900711398 /* BrownfieldUITests.swift */ = {isa = PBXFileReference; lastKnownFileType = sourcecode.swift; path = BrownfieldUITests.swift; sourceTree = "<group>"; };
		A361326528E70DD900711398 /* BrownfieldUITestsLaunchTests.swift */ = {isa = PBXFileReference; lastKnownFileType = sourcecode.swift; path = BrownfieldUITestsLaunchTests.swift; sourceTree = "<group>"; };
/* End PBXFileReference section */

/* Begin PBXFrameworksBuildPhase section */
		A361324128E70DD800711398 /* Frameworks */ = {
			isa = PBXFrameworksBuildPhase;
			buildActionMask = 2147483647;
			files = (
				ED117D43FC90A62A9A445197 /* Pods_Brownfield.framework in Frameworks */,
			);
			runOnlyForDeploymentPostprocessing = 0;
		};
		A361325228E70DD900711398 /* Frameworks */ = {
			isa = PBXFrameworksBuildPhase;
			buildActionMask = 2147483647;
			files = (
			);
			runOnlyForDeploymentPostprocessing = 0;
		};
		A361325C28E70DD900711398 /* Frameworks */ = {
			isa = PBXFrameworksBuildPhase;
			buildActionMask = 2147483647;
			files = (
			);
			runOnlyForDeploymentPostprocessing = 0;
		};
/* End PBXFrameworksBuildPhase section */

/* Begin PBXGroup section */
		3803646BB8B236914997DDE6 /* Pods */ = {
			isa = PBXGroup;
			children = (
				8F4999F15EF1AD2746DFE08A /* Pods-Brownfield.debug.xcconfig */,
				9616F57AB3AF5EAA1F67D59D /* Pods-Brownfield.release.xcconfig */,
			);
			name = Pods;
			path = Pods;
			sourceTree = "<group>";
		};
		A361323B28E70DD800711398 = {
			isa = PBXGroup;
			children = (
				A361324628E70DD800711398 /* Brownfield */,
				A361325828E70DD900711398 /* BrownfieldTests */,
				A361326228E70DD900711398 /* BrownfieldUITests */,
				A361324528E70DD800711398 /* Products */,
				3803646BB8B236914997DDE6 /* Pods */,
				FE0ECE44BB0C282232C3B902 /* Frameworks */,
			);
			sourceTree = "<group>";
		};
		A361324528E70DD800711398 /* Products */ = {
			isa = PBXGroup;
			children = (
				A361324428E70DD800711398 /* Brownfield.app */,
				A361325528E70DD900711398 /* BrownfieldTests.xctest */,
				A361325F28E70DD900711398 /* BrownfieldUITests.xctest */,
			);
			name = Products;
			sourceTree = "<group>";
		};
		A361324628E70DD800711398 /* Brownfield */ = {
			isa = PBXGroup;
			children = (
				A361324728E70DD800711398 /* BrownfieldApp.swift */,
				A361324928E70DD800711398 /* BreedListScreen.swift */,
				A361324B28E70DD900711398 /* Assets.xcassets */,
				A361324D28E70DD900711398 /* Brownfield.entitlements */,
				A361324E28E70DD900711398 /* Preview Content */,
				A34C870F28EACFCB00AAEA71 /* BreedViewModel.swift */,
			);
			path = Brownfield;
			sourceTree = "<group>";
		};
		A361324E28E70DD900711398 /* Preview Content */ = {
			isa = PBXGroup;
			children = (
				A361324F28E70DD900711398 /* Preview Assets.xcassets */,
			);
			path = "Preview Content";
			sourceTree = "<group>";
		};
		A361325828E70DD900711398 /* BrownfieldTests */ = {
			isa = PBXGroup;
			children = (
				A361325928E70DD900711398 /* BrownfieldTests.swift */,
			);
			path = BrownfieldTests;
			sourceTree = "<group>";
		};
		A361326228E70DD900711398 /* BrownfieldUITests */ = {
			isa = PBXGroup;
			children = (
				A361326328E70DD900711398 /* BrownfieldUITests.swift */,
				A361326528E70DD900711398 /* BrownfieldUITestsLaunchTests.swift */,
			);
			path = BrownfieldUITests;
			sourceTree = "<group>";
		};
		FE0ECE44BB0C282232C3B902 /* Frameworks */ = {
			isa = PBXGroup;
			children = (
				1A1D4C206999EBD73D9A736F /* Pods_Brownfield.framework */,
			);
			name = Frameworks;
			sourceTree = "<group>";
		};
/* End PBXGroup section */

/* Begin PBXNativeTarget section */
		A361324328E70DD800711398 /* Brownfield */ = {
			isa = PBXNativeTarget;
			buildConfigurationList = A361326928E70DD900711398 /* Build configuration list for PBXNativeTarget "Brownfield" */;
			buildPhases = (
				0417E62B24EECE577FAB2975 /* [CP] Check Pods Manifest.lock */,
				A361324028E70DD800711398 /* Sources */,
				A361324128E70DD800711398 /* Frameworks */,
				A361324228E70DD800711398 /* Resources */,
				08AC37BFDBE70C56CE6CEF51 /* [CP] Embed Pods Frameworks */,
			);
			buildRules = (
			);
			dependencies = (
			);
			name = Brownfield;
			productName = Brownfield;
			productReference = A361324428E70DD800711398 /* Brownfield.app */;
			productType = "com.apple.product-type.application";
		};
		A361325428E70DD900711398 /* BrownfieldTests */ = {
			isa = PBXNativeTarget;
			buildConfigurationList = A361326C28E70DD900711398 /* Build configuration list for PBXNativeTarget "BrownfieldTests" */;
			buildPhases = (
				A361325128E70DD900711398 /* Sources */,
				A361325228E70DD900711398 /* Frameworks */,
				A361325328E70DD900711398 /* Resources */,
			);
			buildRules = (
			);
			dependencies = (
				A361325728E70DD900711398 /* PBXTargetDependency */,
			);
			name = BrownfieldTests;
			productName = BrownfieldTests;
			productReference = A361325528E70DD900711398 /* BrownfieldTests.xctest */;
			productType = "com.apple.product-type.bundle.unit-test";
		};
		A361325E28E70DD900711398 /* BrownfieldUITests */ = {
			isa = PBXNativeTarget;
			buildConfigurationList = A361326F28E70DD900711398 /* Build configuration list for PBXNativeTarget "BrownfieldUITests" */;
			buildPhases = (
				A361325B28E70DD900711398 /* Sources */,
				A361325C28E70DD900711398 /* Frameworks */,
				A361325D28E70DD900711398 /* Resources */,
			);
			buildRules = (
			);
			dependencies = (
				A361326128E70DD900711398 /* PBXTargetDependency */,
			);
			name = BrownfieldUITests;
			productName = BrownfieldUITests;
			productReference = A361325F28E70DD900711398 /* BrownfieldUITests.xctest */;
			productType = "com.apple.product-type.bundle.ui-testing";
		};
/* End PBXNativeTarget section */

/* Begin PBXProject section */
		A361323C28E70DD800711398 /* Project object */ = {
			isa = PBXProject;
			attributes = {
				BuildIndependentTargetsInParallel = 1;
				LastSwiftUpdateCheck = 1400;
				LastUpgradeCheck = 1400;
				TargetAttributes = {
					A361324328E70DD800711398 = {
						CreatedOnToolsVersion = 14.0.1;
					};
					A361325428E70DD900711398 = {
						CreatedOnToolsVersion = 14.0.1;
						TestTargetID = A361324328E70DD800711398;
					};
					A361325E28E70DD900711398 = {
						CreatedOnToolsVersion = 14.0.1;
						TestTargetID = A361324328E70DD800711398;
					};
				};
			};
			buildConfigurationList = A361323F28E70DD800711398 /* Build configuration list for PBXProject "Brownfield" */;
			compatibilityVersion = "Xcode 14.0";
			developmentRegion = en;
			hasScannedForEncodings = 0;
			knownRegions = (
				en,
				Base,
			);
			mainGroup = A361323B28E70DD800711398;
			productRefGroup = A361324528E70DD800711398 /* Products */;
			projectDirPath = "";
			projectRoot = "";
			targets = (
				A361324328E70DD800711398 /* Brownfield */,
				A361325428E70DD900711398 /* BrownfieldTests */,
				A361325E28E70DD900711398 /* BrownfieldUITests */,
			);
		};
/* End PBXProject section */

/* Begin PBXResourcesBuildPhase section */
		A361324228E70DD800711398 /* Resources */ = {
			isa = PBXResourcesBuildPhase;
			buildActionMask = 2147483647;
			files = (
				A361325028E70DD900711398 /* Preview Assets.xcassets in Resources */,
				A361324C28E70DD900711398 /* Assets.xcassets in Resources */,
			);
			runOnlyForDeploymentPostprocessing = 0;
		};
		A361325328E70DD900711398 /* Resources */ = {
			isa = PBXResourcesBuildPhase;
			buildActionMask = 2147483647;
			files = (
			);
			runOnlyForDeploymentPostprocessing = 0;
		};
		A361325D28E70DD900711398 /* Resources */ = {
			isa = PBXResourcesBuildPhase;
			buildActionMask = 2147483647;
			files = (
			);
			runOnlyForDeploymentPostprocessing = 0;
		};
/* End PBXResourcesBuildPhase section */

/* Begin PBXShellScriptBuildPhase section */
		0417E62B24EECE577FAB2975 /* [CP] Check Pods Manifest.lock */ = {
			isa = PBXShellScriptBuildPhase;
			buildActionMask = 2147483647;
			files = (
			);
			inputFileListPaths = (
			);
			inputPaths = (
				"${PODS_PODFILE_DIR_PATH}/Podfile.lock",
				"${PODS_ROOT}/Manifest.lock",
			);
			name = "[CP] Check Pods Manifest.lock";
			outputFileListPaths = (
			);
			outputPaths = (
				"$(DERIVED_FILE_DIR)/Pods-Brownfield-checkManifestLockResult.txt",
			);
			runOnlyForDeploymentPostprocessing = 0;
			shellPath = /bin/sh;
			shellScript = "diff \"${PODS_PODFILE_DIR_PATH}/Podfile.lock\" \"${PODS_ROOT}/Manifest.lock\" > /dev/null\nif [ $? != 0 ] ; then\n    # print error to STDERR\n    echo \"error: The sandbox is not in sync with the Podfile.lock. Run 'pod install' or update your CocoaPods installation.\" >&2\n    exit 1\nfi\n# This output is used by Xcode 'outputs' to avoid re-running this script phase.\necho \"SUCCESS\" > \"${SCRIPT_OUTPUT_FILE_0}\"\n";
			showEnvVarsInLog = 0;
		};
		08AC37BFDBE70C56CE6CEF51 /* [CP] Embed Pods Frameworks */ = {
			isa = PBXShellScriptBuildPhase;
			buildActionMask = 2147483647;
			files = (
			);
			inputFileListPaths = (
				"${PODS_ROOT}/Target Support Files/Pods-Brownfield/Pods-Brownfield-frameworks-${CONFIGURATION}-input-files.xcfilelist",
			);
			name = "[CP] Embed Pods Frameworks";
			outputFileListPaths = (
				"${PODS_ROOT}/Target Support Files/Pods-Brownfield/Pods-Brownfield-frameworks-${CONFIGURATION}-output-files.xcfilelist",
			);
			runOnlyForDeploymentPostprocessing = 0;
			shellPath = /bin/sh;
			shellScript = "\"${PODS_ROOT}/Target Support Files/Pods-Brownfield/Pods-Brownfield-frameworks.sh\"\n";
			showEnvVarsInLog = 0;
		};
/* End PBXShellScriptBuildPhase section */

/* Begin PBXSourcesBuildPhase section */
		A361324028E70DD800711398 /* Sources */ = {
			isa = PBXSourcesBuildPhase;
			buildActionMask = 2147483647;
			files = (
				A34C871028EACFCB00AAEA71 /* BreedViewModel.swift in Sources */,
				A361324A28E70DD800711398 /* BreedListScreen.swift in Sources */,
				A361324828E70DD800711398 /* BrownfieldApp.swift in Sources */,
			);
			runOnlyForDeploymentPostprocessing = 0;
		};
		A361325128E70DD900711398 /* Sources */ = {
			isa = PBXSourcesBuildPhase;
			buildActionMask = 2147483647;
			files = (
				A361325A28E70DD900711398 /* BrownfieldTests.swift in Sources */,
			);
			runOnlyForDeploymentPostprocessing = 0;
		};
		A361325B28E70DD900711398 /* Sources */ = {
			isa = PBXSourcesBuildPhase;
			buildActionMask = 2147483647;
			files = (
				A361326628E70DD900711398 /* BrownfieldUITestsLaunchTests.swift in Sources */,
				A361326428E70DD900711398 /* BrownfieldUITests.swift in Sources */,
			);
			runOnlyForDeploymentPostprocessing = 0;
		};
/* End PBXSourcesBuildPhase section */

/* Begin PBXTargetDependency section */
		A361325728E70DD900711398 /* PBXTargetDependency */ = {
			isa = PBXTargetDependency;
			target = A361324328E70DD800711398 /* Brownfield */;
			targetProxy = A361325628E70DD900711398 /* PBXContainerItemProxy */;
		};
		A361326128E70DD900711398 /* PBXTargetDependency */ = {
			isa = PBXTargetDependency;
			target = A361324328E70DD800711398 /* Brownfield */;
			targetProxy = A361326028E70DD900711398 /* PBXContainerItemProxy */;
		};
/* End PBXTargetDependency section */

/* Begin XCBuildConfiguration section */
		A361326728E70DD900711398 /* Debug */ = {
			isa = XCBuildConfiguration;
			buildSettings = {
				ALWAYS_SEARCH_USER_PATHS = NO;
				CLANG_ANALYZER_NONNULL = YES;
				CLANG_ANALYZER_NUMBER_OBJECT_CONVERSION = YES_AGGRESSIVE;
				CLANG_CXX_LANGUAGE_STANDARD = "gnu++20";
				CLANG_ENABLE_MODULES = YES;
				CLANG_ENABLE_OBJC_ARC = YES;
				CLANG_ENABLE_OBJC_WEAK = YES;
				CLANG_WARN_BLOCK_CAPTURE_AUTORELEASING = YES;
				CLANG_WARN_BOOL_CONVERSION = YES;
				CLANG_WARN_COMMA = YES;
				CLANG_WARN_CONSTANT_CONVERSION = YES;
				CLANG_WARN_DEPRECATED_OBJC_IMPLEMENTATIONS = YES;
				CLANG_WARN_DIRECT_OBJC_ISA_USAGE = YES_ERROR;
				CLANG_WARN_DOCUMENTATION_COMMENTS = YES;
				CLANG_WARN_EMPTY_BODY = YES;
				CLANG_WARN_ENUM_CONVERSION = YES;
				CLANG_WARN_INFINITE_RECURSION = YES;
				CLANG_WARN_INT_CONVERSION = YES;
				CLANG_WARN_NON_LITERAL_NULL_CONVERSION = YES;
				CLANG_WARN_OBJC_IMPLICIT_RETAIN_SELF = YES;
				CLANG_WARN_OBJC_LITERAL_CONVERSION = YES;
				CLANG_WARN_OBJC_ROOT_CLASS = YES_ERROR;
				CLANG_WARN_QUOTED_INCLUDE_IN_FRAMEWORK_HEADER = YES;
				CLANG_WARN_RANGE_LOOP_ANALYSIS = YES;
				CLANG_WARN_STRICT_PROTOTYPES = YES;
				CLANG_WARN_SUSPICIOUS_MOVE = YES;
				CLANG_WARN_UNGUARDED_AVAILABILITY = YES_AGGRESSIVE;
				CLANG_WARN_UNREACHABLE_CODE = YES;
				CLANG_WARN__DUPLICATE_METHOD_MATCH = YES;
				COPY_PHASE_STRIP = NO;
				DEBUG_INFORMATION_FORMAT = dwarf;
				ENABLE_STRICT_OBJC_MSGSEND = YES;
				ENABLE_TESTABILITY = YES;
				GCC_C_LANGUAGE_STANDARD = gnu11;
				GCC_DYNAMIC_NO_PIC = NO;
				GCC_NO_COMMON_BLOCKS = YES;
				GCC_OPTIMIZATION_LEVEL = 0;
				GCC_PREPROCESSOR_DEFINITIONS = (
					"DEBUG=1",
					"$(inherited)",
				);
				GCC_WARN_64_TO_32_BIT_CONVERSION = YES;
				GCC_WARN_ABOUT_RETURN_TYPE = YES_ERROR;
				GCC_WARN_UNDECLARED_SELECTOR = YES;
				GCC_WARN_UNINITIALIZED_AUTOS = YES_AGGRESSIVE;
				GCC_WARN_UNUSED_FUNCTION = YES;
				GCC_WARN_UNUSED_VARIABLE = YES;
				MTL_ENABLE_DEBUG_INFO = INCLUDE_SOURCE;
				MTL_FAST_MATH = YES;
				ONLY_ACTIVE_ARCH = YES;
				SWIFT_ACTIVE_COMPILATION_CONDITIONS = DEBUG;
				SWIFT_OPTIMIZATION_LEVEL = "-Onone";
			};
			name = Debug;
		};
		A361326828E70DD900711398 /* Release */ = {
			isa = XCBuildConfiguration;
			buildSettings = {
				ALWAYS_SEARCH_USER_PATHS = NO;
				CLANG_ANALYZER_NONNULL = YES;
				CLANG_ANALYZER_NUMBER_OBJECT_CONVERSION = YES_AGGRESSIVE;
				CLANG_CXX_LANGUAGE_STANDARD = "gnu++20";
				CLANG_ENABLE_MODULES = YES;
				CLANG_ENABLE_OBJC_ARC = YES;
				CLANG_ENABLE_OBJC_WEAK = YES;
				CLANG_WARN_BLOCK_CAPTURE_AUTORELEASING = YES;
				CLANG_WARN_BOOL_CONVERSION = YES;
				CLANG_WARN_COMMA = YES;
				CLANG_WARN_CONSTANT_CONVERSION = YES;
				CLANG_WARN_DEPRECATED_OBJC_IMPLEMENTATIONS = YES;
				CLANG_WARN_DIRECT_OBJC_ISA_USAGE = YES_ERROR;
				CLANG_WARN_DOCUMENTATION_COMMENTS = YES;
				CLANG_WARN_EMPTY_BODY = YES;
				CLANG_WARN_ENUM_CONVERSION = YES;
				CLANG_WARN_INFINITE_RECURSION = YES;
				CLANG_WARN_INT_CONVERSION = YES;
				CLANG_WARN_NON_LITERAL_NULL_CONVERSION = YES;
				CLANG_WARN_OBJC_IMPLICIT_RETAIN_SELF = YES;
				CLANG_WARN_OBJC_LITERAL_CONVERSION = YES;
				CLANG_WARN_OBJC_ROOT_CLASS = YES_ERROR;
				CLANG_WARN_QUOTED_INCLUDE_IN_FRAMEWORK_HEADER = YES;
				CLANG_WARN_RANGE_LOOP_ANALYSIS = YES;
				CLANG_WARN_STRICT_PROTOTYPES = YES;
				CLANG_WARN_SUSPICIOUS_MOVE = YES;
				CLANG_WARN_UNGUARDED_AVAILABILITY = YES_AGGRESSIVE;
				CLANG_WARN_UNREACHABLE_CODE = YES;
				CLANG_WARN__DUPLICATE_METHOD_MATCH = YES;
				COPY_PHASE_STRIP = NO;
				DEBUG_INFORMATION_FORMAT = "dwarf-with-dsym";
				ENABLE_NS_ASSERTIONS = NO;
				ENABLE_STRICT_OBJC_MSGSEND = YES;
				GCC_C_LANGUAGE_STANDARD = gnu11;
				GCC_NO_COMMON_BLOCKS = YES;
				GCC_WARN_64_TO_32_BIT_CONVERSION = YES;
				GCC_WARN_ABOUT_RETURN_TYPE = YES_ERROR;
				GCC_WARN_UNDECLARED_SELECTOR = YES;
				GCC_WARN_UNINITIALIZED_AUTOS = YES_AGGRESSIVE;
				GCC_WARN_UNUSED_FUNCTION = YES;
				GCC_WARN_UNUSED_VARIABLE = YES;
				MTL_ENABLE_DEBUG_INFO = NO;
				MTL_FAST_MATH = YES;
				SWIFT_COMPILATION_MODE = wholemodule;
				SWIFT_OPTIMIZATION_LEVEL = "-O";
			};
			name = Release;
		};
		A361326A28E70DD900711398 /* Debug */ = {
			isa = XCBuildConfiguration;
			baseConfigurationReference = 8F4999F15EF1AD2746DFE08A /* Pods-Brownfield.debug.xcconfig */;
			buildSettings = {
				ASSETCATALOG_COMPILER_APPICON_NAME = AppIcon;
				ASSETCATALOG_COMPILER_GLOBAL_ACCENT_COLOR_NAME = AccentColor;
				CODE_SIGN_ENTITLEMENTS = Brownfield/Brownfield.entitlements;
				CODE_SIGN_STYLE = Automatic;
				CURRENT_PROJECT_VERSION = 1;
				DEVELOPMENT_ASSET_PATHS = "\"Brownfield/Preview Content\"";
				ENABLE_PREVIEWS = YES;
				GENERATE_INFOPLIST_FILE = YES;
				"INFOPLIST_KEY_UIApplicationSceneManifest_Generation[sdk=iphoneos*]" = YES;
				"INFOPLIST_KEY_UIApplicationSceneManifest_Generation[sdk=iphonesimulator*]" = YES;
				"INFOPLIST_KEY_UIApplicationSupportsIndirectInputEvents[sdk=iphoneos*]" = YES;
				"INFOPLIST_KEY_UIApplicationSupportsIndirectInputEvents[sdk=iphonesimulator*]" = YES;
				"INFOPLIST_KEY_UILaunchScreen_Generation[sdk=iphoneos*]" = YES;
				"INFOPLIST_KEY_UILaunchScreen_Generation[sdk=iphonesimulator*]" = YES;
				"INFOPLIST_KEY_UIStatusBarStyle[sdk=iphoneos*]" = UIStatusBarStyleDefault;
				"INFOPLIST_KEY_UIStatusBarStyle[sdk=iphonesimulator*]" = UIStatusBarStyleDefault;
				INFOPLIST_KEY_UISupportedInterfaceOrientations_iPad = "UIInterfaceOrientationPortrait UIInterfaceOrientationPortraitUpsideDown UIInterfaceOrientationLandscapeLeft UIInterfaceOrientationLandscapeRight";
				INFOPLIST_KEY_UISupportedInterfaceOrientations_iPhone = "UIInterfaceOrientationPortrait UIInterfaceOrientationLandscapeLeft UIInterfaceOrientationLandscapeRight";
				IPHONEOS_DEPLOYMENT_TARGET = 16.0;
				LD_RUNPATH_SEARCH_PATHS = "@executable_path/Frameworks";
				"LD_RUNPATH_SEARCH_PATHS[sdk=macosx*]" = "@executable_path/../Frameworks";
				MACOSX_DEPLOYMENT_TARGET = 12.3;
				MARKETING_VERSION = 1.0;
				PRODUCT_BUNDLE_IDENTIFIER = co.touchlab.Brownfield;
				PRODUCT_NAME = "$(TARGET_NAME)";
				SDKROOT = auto;
				SUPPORTED_PLATFORMS = "iphoneos iphonesimulator macosx";
				SWIFT_EMIT_LOC_STRINGS = YES;
				SWIFT_VERSION = 5.0;
				TARGETED_DEVICE_FAMILY = "1,2";
			};
			name = Debug;
		};
		A361326B28E70DD900711398 /* Release */ = {
			isa = XCBuildConfiguration;
			baseConfigurationReference = 9616F57AB3AF5EAA1F67D59D /* Pods-Brownfield.release.xcconfig */;
			buildSettings = {
				ASSETCATALOG_COMPILER_APPICON_NAME = AppIcon;
				ASSETCATALOG_COMPILER_GLOBAL_ACCENT_COLOR_NAME = AccentColor;
				CODE_SIGN_ENTITLEMENTS = Brownfield/Brownfield.entitlements;
				CODE_SIGN_STYLE = Automatic;
				CURRENT_PROJECT_VERSION = 1;
				DEVELOPMENT_ASSET_PATHS = "\"Brownfield/Preview Content\"";
				ENABLE_PREVIEWS = YES;
				GENERATE_INFOPLIST_FILE = YES;
				"INFOPLIST_KEY_UIApplicationSceneManifest_Generation[sdk=iphoneos*]" = YES;
				"INFOPLIST_KEY_UIApplicationSceneManifest_Generation[sdk=iphonesimulator*]" = YES;
				"INFOPLIST_KEY_UIApplicationSupportsIndirectInputEvents[sdk=iphoneos*]" = YES;
				"INFOPLIST_KEY_UIApplicationSupportsIndirectInputEvents[sdk=iphonesimulator*]" = YES;
				"INFOPLIST_KEY_UILaunchScreen_Generation[sdk=iphoneos*]" = YES;
				"INFOPLIST_KEY_UILaunchScreen_Generation[sdk=iphonesimulator*]" = YES;
				"INFOPLIST_KEY_UIStatusBarStyle[sdk=iphoneos*]" = UIStatusBarStyleDefault;
				"INFOPLIST_KEY_UIStatusBarStyle[sdk=iphonesimulator*]" = UIStatusBarStyleDefault;
				INFOPLIST_KEY_UISupportedInterfaceOrientations_iPad = "UIInterfaceOrientationPortrait UIInterfaceOrientationPortraitUpsideDown UIInterfaceOrientationLandscapeLeft UIInterfaceOrientationLandscapeRight";
				INFOPLIST_KEY_UISupportedInterfaceOrientations_iPhone = "UIInterfaceOrientationPortrait UIInterfaceOrientationLandscapeLeft UIInterfaceOrientationLandscapeRight";
				IPHONEOS_DEPLOYMENT_TARGET = 16.0;
				LD_RUNPATH_SEARCH_PATHS = "@executable_path/Frameworks";
				"LD_RUNPATH_SEARCH_PATHS[sdk=macosx*]" = "@executable_path/../Frameworks";
				MACOSX_DEPLOYMENT_TARGET = 12.3;
				MARKETING_VERSION = 1.0;
				PRODUCT_BUNDLE_IDENTIFIER = co.touchlab.Brownfield;
				PRODUCT_NAME = "$(TARGET_NAME)";
				SDKROOT = auto;
				SUPPORTED_PLATFORMS = "iphoneos iphonesimulator macosx";
				SWIFT_EMIT_LOC_STRINGS = YES;
				SWIFT_VERSION = 5.0;
				TARGETED_DEVICE_FAMILY = "1,2";
			};
			name = Release;
		};
		A361326D28E70DD900711398 /* Debug */ = {
			isa = XCBuildConfiguration;
			buildSettings = {
				ALWAYS_EMBED_SWIFT_STANDARD_LIBRARIES = YES;
				BUNDLE_LOADER = "$(TEST_HOST)";
				CODE_SIGN_STYLE = Automatic;
				CURRENT_PROJECT_VERSION = 1;
				GENERATE_INFOPLIST_FILE = YES;
				IPHONEOS_DEPLOYMENT_TARGET = 16.0;
				MACOSX_DEPLOYMENT_TARGET = 12.3;
				MARKETING_VERSION = 1.0;
				PRODUCT_BUNDLE_IDENTIFIER = co.touchlab.BrownfieldTests;
				PRODUCT_NAME = "$(TARGET_NAME)";
				SDKROOT = auto;
				SUPPORTED_PLATFORMS = "iphoneos iphonesimulator macosx";
				SWIFT_EMIT_LOC_STRINGS = NO;
				SWIFT_VERSION = 5.0;
				TARGETED_DEVICE_FAMILY = "1,2";
				TEST_HOST = "$(BUILT_PRODUCTS_DIR)/Brownfield.app/$(BUNDLE_EXECUTABLE_FOLDER_PATH)/Brownfield";
			};
			name = Debug;
		};
		A361326E28E70DD900711398 /* Release */ = {
			isa = XCBuildConfiguration;
			buildSettings = {
				ALWAYS_EMBED_SWIFT_STANDARD_LIBRARIES = YES;
				BUNDLE_LOADER = "$(TEST_HOST)";
				CODE_SIGN_STYLE = Automatic;
				CURRENT_PROJECT_VERSION = 1;
				GENERATE_INFOPLIST_FILE = YES;
				IPHONEOS_DEPLOYMENT_TARGET = 16.0;
				MACOSX_DEPLOYMENT_TARGET = 12.3;
				MARKETING_VERSION = 1.0;
				PRODUCT_BUNDLE_IDENTIFIER = co.touchlab.BrownfieldTests;
				PRODUCT_NAME = "$(TARGET_NAME)";
				SDKROOT = auto;
				SUPPORTED_PLATFORMS = "iphoneos iphonesimulator macosx";
				SWIFT_EMIT_LOC_STRINGS = NO;
				SWIFT_VERSION = 5.0;
				TARGETED_DEVICE_FAMILY = "1,2";
				TEST_HOST = "$(BUILT_PRODUCTS_DIR)/Brownfield.app/$(BUNDLE_EXECUTABLE_FOLDER_PATH)/Brownfield";
			};
			name = Release;
		};
		A361327028E70DD900711398 /* Debug */ = {
			isa = XCBuildConfiguration;
			buildSettings = {
				ALWAYS_EMBED_SWIFT_STANDARD_LIBRARIES = YES;
				CODE_SIGN_STYLE = Automatic;
				CURRENT_PROJECT_VERSION = 1;
				GENERATE_INFOPLIST_FILE = YES;
				IPHONEOS_DEPLOYMENT_TARGET = 16.0;
				MACOSX_DEPLOYMENT_TARGET = 12.3;
				MARKETING_VERSION = 1.0;
				PRODUCT_BUNDLE_IDENTIFIER = co.touchlab.BrownfieldUITests;
				PRODUCT_NAME = "$(TARGET_NAME)";
				SDKROOT = auto;
				SUPPORTED_PLATFORMS = "iphoneos iphonesimulator macosx";
				SWIFT_EMIT_LOC_STRINGS = NO;
				SWIFT_VERSION = 5.0;
				TARGETED_DEVICE_FAMILY = "1,2";
				TEST_TARGET_NAME = Brownfield;
			};
			name = Debug;
		};
		A361327128E70DD900711398 /* Release */ = {
			isa = XCBuildConfiguration;
			buildSettings = {
				ALWAYS_EMBED_SWIFT_STANDARD_LIBRARIES = YES;
				CODE_SIGN_STYLE = Automatic;
				CURRENT_PROJECT_VERSION = 1;
				GENERATE_INFOPLIST_FILE = YES;
				IPHONEOS_DEPLOYMENT_TARGET = 16.0;
				MACOSX_DEPLOYMENT_TARGET = 12.3;
				MARKETING_VERSION = 1.0;
				PRODUCT_BUNDLE_IDENTIFIER = co.touchlab.BrownfieldUITests;
				PRODUCT_NAME = "$(TARGET_NAME)";
				SDKROOT = auto;
				SUPPORTED_PLATFORMS = "iphoneos iphonesimulator macosx";
				SWIFT_EMIT_LOC_STRINGS = NO;
				SWIFT_VERSION = 5.0;
				TARGETED_DEVICE_FAMILY = "1,2";
				TEST_TARGET_NAME = Brownfield;
			};
			name = Release;
		};
/* End XCBuildConfiguration section */

/* Begin XCConfigurationList section */
		A361323F28E70DD800711398 /* Build configuration list for PBXProject "Brownfield" */ = {
			isa = XCConfigurationList;
			buildConfigurations = (
				A361326728E70DD900711398 /* Debug */,
				A361326828E70DD900711398 /* Release */,
			);
			defaultConfigurationIsVisible = 0;
			defaultConfigurationName = Release;
		};
		A361326928E70DD900711398 /* Build configuration list for PBXNativeTarget "Brownfield" */ = {
			isa = XCConfigurationList;
			buildConfigurations = (
				A361326A28E70DD900711398 /* Debug */,
				A361326B28E70DD900711398 /* Release */,
			);
			defaultConfigurationIsVisible = 0;
			defaultConfigurationName = Release;
		};
		A361326C28E70DD900711398 /* Build configuration list for PBXNativeTarget "BrownfieldTests" */ = {
			isa = XCConfigurationList;
			buildConfigurations = (
				A361326D28E70DD900711398 /* Debug */,
				A361326E28E70DD900711398 /* Release */,
			);
			defaultConfigurationIsVisible = 0;
			defaultConfigurationName = Release;
		};
		A361326F28E70DD900711398 /* Build configuration list for PBXNativeTarget "BrownfieldUITests" */ = {
			isa = XCConfigurationList;
			buildConfigurations = (
				A361327028E70DD900711398 /* Debug */,
				A361327128E70DD900711398 /* Release */,
			);
			defaultConfigurationIsVisible = 0;
			defaultConfigurationName = Release;
		};
/* End XCConfigurationList section */
	};
	rootObject = A361323C28E70DD800711398 /* Project object */;
}
